
Microsoft Visual Studio Solution File, Format Version 12.00
# Visual Studio Version 17
VisualStudioVersion = 17.0.32112.339
MinimumVisualStudioVersion = 10.0.40219.1
Project("{FAE04EC0-301F-11D3-BF4B-00C04F79EFBC}") = "HLC3", "HLC3\HLC3.csproj", "{84B9AC26-FD94-4425-8F3F-EDF676B35F4F}"
EndProject
Global
	GlobalSection(SolutionConfigurationPlatforms) = preSolution
		Debug|Any CPU = Debug|Any CPU
		Release|Any CPU = Release|Any CPU
	EndGlobalSection
	GlobalSection(ProjectConfigurationPlatforms) = postSolution
		{84B9AC26-FD94-4425-8F3F-EDF676B35F4F}.Debug|Any CPU.ActiveCfg = Debug|Any CPU
		{84B9AC26-FD94-4425-8F3F-EDF676B35F4F}.Debug|Any CPU.Build.0 = Debug|Any CPU
		{84B9AC26-FD94-4425-8F3F-EDF676B35F4F}.Release|Any CPU.ActiveCfg = Release|Any CPU
		{84B9AC26-FD94-4425-8F3F-EDF676B35F4F}.Release|Any CPU.Build.0 = Release|Any CPU
	EndGlobalSection
	GlobalSection(SolutionProperties) = preSolution
		HideSolutionNode = FALSE
	EndGlobalSection
	GlobalSection(ExtensibilityGlobals) = postSolution
		SolutionGuid = {BED6876D-90FE-4D17-B22D-BDCF78A1B3DC}
	EndGlobalSection
EndGlobal
